
Microsoft Visual Studio Solution File, Format Version 12.00
# Visual Studio Version 17
VisualStudioVersion = 17.8.34511.84
MinimumVisualStudioVersion = 10.0.40219.1
Project("{FAE04EC0-301F-11D3-BF4B-00C04F79EFBC}") = "F2DesktopInterface", "F2DesktopInterface.csproj", "{FF586C3F-EE46-459E-9102-2EF67AA4CD3E}"
EndProject
Global
	GlobalSection(SolutionConfigurationPlatforms) = preSolution
		Debug|Any CPU = Debug|Any CPU
		Release|Any CPU = Release|Any CPU
	EndGlobalSection
	GlobalSection(ProjectConfigurationPlatforms) = postSolution
		{FF586C3F-EE46-459E-9102-2EF67AA4CD3E}.Debug|Any CPU.ActiveCfg = Debug|Any CPU
		{FF586C3F-EE46-459E-9102-2EF67AA4CD3E}.Debug|Any CPU.Build.0 = Debug|Any CPU
		{FF586C3F-EE46-459E-9102-2EF67AA4CD3E}.Release|Any CPU.ActiveCfg = Release|Any CPU
		{FF586C3F-EE46-459E-9102-2EF67AA4CD3E}.Release|Any CPU.Build.0 = Release|Any CPU
	EndGlobalSection
	GlobalSection(SolutionProperties) = preSolution
		HideSolutionNode = FALSE
	EndGlobalSection
	GlobalSection(ExtensibilityGlobals) = postSolution
		SolutionGuid = {20A1E845-4767-45FA-B7F3-877E06EC298E}
	EndGlobalSection
EndGlobal
